PODS:
  - Alamofire (4.9.1)
  - AlamofireImage (3.6.0):
    - Alamofire (~> 4.9)
  - Bolts/Tasks (1.9.0)
  - InputBarAccessoryView (4.3.2):
    - InputBarAccessoryView/Core (= 4.3.2)
  - InputBarAccessoryView/Core (4.3.2)
  - MessageKit (3.1.0):
    - InputBarAccessoryView (~> 4.3.0)
  - Parse (1.17.3):
    - Parse/Core (= 1.17.3)
  - Parse/Core (1.17.3):
    - Bolts/Tasks (~> 1.9)
  - Scaledrone (0.3.0):
    - Starscream (~> 2.1.0)
  - Starscream (2.1.1)

DEPENDENCIES:
  - AlamofireImage
  - MessageKit
  - Parse
  - Scaledrone

SPEC REPOS:
  trunk:
    - Alamofire
    - AlamofireImage
    - Bolts
    - InputBarAccessoryView
    - MessageKit
    - Parse
    - Scaledrone
    - Starscream

SPEC CHECKSUMS:
  Alamofire: 85e8a02c69d6020a0d734f6054870d7ecb75cf18
  AlamofireImage: be9963c6582d68b39e89191f64c82a7d7bf40fdd
  Bolts: ac6567323eac61e203f6a9763667d0f711be34c8
  InputBarAccessoryView: 7985d418040a05fe894bd4b8328dd43ab35517c3
  MessageKit: 3beb578737a5aa2bba25cc27c7b6d6faa09af5a7
  Parse: c1ad2a04d2cab2b54b6fb7da05f741abf2cf57d1
  Scaledrone: 25e5e70107222ed50046fc0ed9569915bdb85262
  Starscream: 142bd8ef24592d985daee9fa48c936070b85b15f

PODFILE CHECKSUM: 58fcb19b84f47a7ddbd52263c776fa5b9b31e296

COCOAPODS: 1.8.4
